// !$*UTF8*$!
{
	archiveVersion = 1;
	classes = {
	};
	objectVersion = 50;
	objects = {

/* Begin PBXBuildFile section */
		FB2EA65225C29C6200724461 /* AppDelegate.swift in Sources */ = {isa = PBXBuildFile; fileRef = FB2EA65125C29C6200724461 /* AppDelegate.swift */; };
		FB2EA65425C29C6200724461 /* SceneDelegate.swift in Sources */ = {isa = PBXBuildFile; fileRef = FB2EA65325C29C6200724461 /* SceneDelegate.swift */; };
		FB2EA65625C29C6200724461 /* ViewController.swift in Sources */ = {isa = PBXBuildFile; fileRef = FB2EA65525C29C6200724461 /* ViewController.swift */; };
		FB2EA65925C29C6200724461 /* Main.storyboard in Resources */ = {isa = PBXBuildFile; fileRef = FB2EA65725C29C6200724461 /* Main.storyboard */; };
		FB2EA65B25C29C6400724461 /* Assets.xcassets in Resources */ = {isa = PBXBuildFile; fileRef = FB2EA65A25C29C6400724461 /* Assets.xcassets */; };
		FB2EA65E25C29C6400724461 /* LaunchScreen.storyboard in Resources */ = {isa = PBXBuildFile; fileRef = FB2EA65C25C29C6400724461 /* LaunchScreen.storyboard */; };
		FB2EA67725C29D6B00724461 /* bg_blue@2x.png in Resources */ = {isa = PBXBuildFile; fileRef = FB2EA66825C29D6B00724461 /* bg_blue@2x.png */; };
		FB2EA67825C29D6B00724461 /* bg_gold@2x.png in Resources */ = {isa = PBXBuildFile; fileRef = FB2EA66925C29D6B00724461 /* bg_gold@2x.png */; };
		FB2EA67925C29D6B00724461 /* gacha@2x.png in Resources */ = {isa = PBXBuildFile; fileRef = FB2EA66A25C29D6B00724461 /* gacha@2x.png */; };
		FB2EA67A25C29D6B00724461 /* bg_red@2x.png in Resources */ = {isa = PBXBuildFile; fileRef = FB2EA66B25C29D6B00724461 /* bg_red@2x.png */; };
		FB2EA67B25C29D6B00724461 /* monster005.png in Resources */ = {isa = PBXBuildFile; fileRef = FB2EA66D25C29D6B00724461 /* monster005.png */; };
		FB2EA67C25C29D6B00724461 /* monster010.png in Resources */ = {isa = PBXBuildFile; fileRef = FB2EA66E25C29D6B00724461 /* monster010.png */; };
		FB2EA67D25C29D6B00724461 /* monster004.png in Resources */ = {isa = PBXBuildFile; fileRef = FB2EA66F25C29D6B00724461 /* monster004.png */; };
		FB2EA67E25C29D6B00724461 /* monster006.png in Resources */ = {isa = PBXBuildFile; fileRef = FB2EA67025C29D6B00724461 /* monster006.png */; };
		FB2EA67F25C29D6B00724461 /* monster007.png in Resources */ = {isa = PBXBuildFile; fileRef = FB2EA67125C29D6B00724461 /* monster007.png */; };
		FB2EA68025C29D6B00724461 /* monster003.png in Resources */ = {isa = PBXBuildFile; fileRef = FB2EA67225C29D6B00724461 /* monster003.png */; };
		FB2EA68125C29D6B00724461 /* monster002.png in Resources */ = {isa = PBXBuildFile; fileRef = FB2EA67325C29D6B00724461 /* monster002.png */; };
		FB2EA68225C29D6B00724461 /* monster001.png in Resources */ = {isa = PBXBuildFile; fileRef = FB2EA67425C29D6B00724461 /* monster001.png */; };
		FB2EA68325C29D6B00724461 /* monster009.png in Resources */ = {isa = PBXBuildFile; fileRef = FB2EA67525C29D6B00724461 /* monster009.png */; };
		FB2EA68425C29D6B00724461 /* monster008.png in Resources */ = {isa = PBXBuildFile; fileRef = FB2EA67625C29D6B00724461 /* monster008.png */; };
		FB2EA68725C2A01E00724461 /* ResultViewController.swift in Sources */ = {isa = PBXBuildFile; fileRef = FB2EA68625C2A01E00724461 /* ResultViewController.swift */; };
/* End PBXBuildFile section */

/* Begin PBXFileReference section */
		FB2EA64E25C29C6200724461 /* Gacha.app */ = {isa = PBXFileReference; explicitFileType = wrapper.application; includeInIndex = 0; path = Gacha.app; sourceTree = BUILT_PRODUCTS_DIR; };
		FB2EA65125C29C6200724461 /* AppDelegate.swift */ = {isa = PBXFileReference; lastKnownFileType = sourcecode.swift; path = AppDelegate.swift; sourceTree = "<group>"; };
		FB2EA65325C29C6200724461 /* SceneDelegate.swift */ = {isa = PBXFileReference; lastKnownFileType = sourcecode.swift; path = SceneDelegate.swift; sourceTree = "<group>"; };
		FB2EA65525C29C6200724461 /* ViewController.swift */ = {isa = PBXFileReference; lastKnownFileType = sourcecode.swift; path = ViewController.swift; sourceTree = "<group>"; };
		FB2EA65825C29C6200724461 /* Base */ = {isa = PBXFileReference; lastKnownFileType = file.storyboard; name = Base; path = Base.lproj/Main.storyboard; sourceTree = "<group>"; };
		FB2EA65A25C29C6400724461 /* Assets.xcassets */ = {isa = PBXFileReference; lastKnownFileType = folder.assetcatalog; path = Assets.xcassets; sourceTree = "<group>"; };
		FB2EA65D25C29C6400724461 /* Base */ = {isa = PBXFileReference; lastKnownFileType = file.storyboard; name = Base; path = Base.lproj/LaunchScreen.storyboard; sourceTree = "<group>"; };
		FB2EA65F25C29C6400724461 /* Info.plist */ = {isa = PBXFileReference; lastKnownFileType = text.plist.xml; path = Info.plist; sourceTree = "<group>"; };
		FB2EA66825C29D6B00724461 /* bg_blue@2x.png */ = {isa = PBXFileReference; lastKnownFileType = image.png; path = "bg_blue@2x.png"; sourceTree = "<group>"; };
		FB2EA66925C29D6B00724461 /* bg_gold@2x.png */ = {isa = PBXFileReference; lastKnownFileType = image.png; path = "bg_gold@2x.png"; sourceTree = "<group>"; };
		FB2EA66A25C29D6B00724461 /* gacha@2x.png */ = {isa = PBXFileReference; lastKnownFileType = image.png; path = "gacha@2x.png"; sourceTree = "<group>"; };
		FB2EA66B25C29D6B00724461 /* bg_red@2x.png */ = {isa = PBXFileReference; lastKnownFileType = image.png; path = "bg_red@2x.png"; sourceTree = "<group>"; };
		FB2EA66D25C29D6B00724461 /* monster005.png */ = {isa = PBXFileReference; lastKnownFileType = image.png; path = monster005.png; sourceTree = "<group>"; };
		FB2EA66E25C29D6B00724461 /* monster010.png */ = {isa = PBXFileReference; lastKnownFileType = image.png; path = monster010.png; sourceTree = "<group>"; };
		FB2EA66F25C29D6B00724461 /* monster004.png */ = {isa = PBXFileReference; lastKnownFileType = image.png; path = monster004.png; sourceTree = "<group>"; };
		FB2EA67025C29D6B00724461 /* monster006.png */ = {isa = PBXFileReference; lastKnownFileType = image.png; path = monster006.png; sourceTree = "<group>"; };
		FB2EA67125C29D6B00724461 /* monster007.png */ = {isa = PBXFileReference; lastKnownFileType = image.png; path = monster007.png; sourceTree = "<group>"; };
		FB2EA67225C29D6B00724461 /* monster003.png */ = {isa = PBXFileReference; lastKnownFileType = image.png; path = monster003.png; sourceTree = "<group>"; };
		FB2EA67325C29D6B00724461 /* monster002.png */ = {isa = PBXFileReference; lastKnownFileType = image.png; path = monster002.png; sourceTree = "<group>"; };
		FB2EA67425C29D6B00724461 /* monster001.png */ = {isa = PBXFileReference; lastKnownFileType = image.png; path = monster001.png; sourceTree = "<group>"; };
		FB2EA67525C29D6B00724461 /* monster009.png */ = {isa = PBXFileReference; lastKnownFileType = image.png; path = monster009.png; sourceTree = "<group>"; };
		FB2EA67625C29D6B00724461 /* monster008.png */ = {isa = PBXFileReference; lastKnownFileType = image.png; path = monster008.png; sourceTree = "<group>"; };
		FB2EA68625C2A01E00724461 /* ResultViewController.swift */ = {isa = PBXFileReference; lastKnownFileType = sourcecode.swift; path = ResultViewController.swift; sourceTree = "<group>"; };
/* End PBXFileReference section */

/* Begin PBXFrameworksBuildPhase section */
		FB2EA64B25C29C6200724461 /* Frameworks */ = {
			isa = PBXFrameworksBuildPhase;
			buildActionMask = 2147483647;
			files = (
			);
			runOnlyForDeploymentPostprocessing = 0;
		};
/* End PBXFrameworksBuildPhase section */

/* Begin PBXGroup section */
		FB2EA64525C29C6200724461 = {
			isa = PBXGroup;
			children = (
				FB2EA65025C29C6200724461 /* Gacha */,
				FB2EA64F25C29C6200724461 /* Products */,
			);
			sourceTree = "<group>";
		};
		FB2EA64F25C29C6200724461 /* Products */ = {
			isa = PBXGroup;
			children = (
				FB2EA64E25C29C6200724461 /* Gacha.app */,
			);
			name = Products;
			sourceTree = "<group>";
		};
		FB2EA65025C29C6200724461 /* Gacha */ = {
			isa = PBXGroup;
			children = (
				FB2EA65125C29C6200724461 /* AppDelegate.swift */,
				FB2EA65325C29C6200724461 /* SceneDelegate.swift */,
				FB2EA65525C29C6200724461 /* ViewController.swift */,
				FB2EA68625C2A01E00724461 /* ResultViewController.swift */,
				FB2EA65725C29C6200724461 /* Main.storyboard */,
				FB2EA66625C29D6B00724461 /* GachaResources */,
				FB2EA65A25C29C6400724461 /* Assets.xcassets */,
				FB2EA65C25C29C6400724461 /* LaunchScreen.storyboard */,
				FB2EA65F25C29C6400724461 /* Info.plist */,
			);
			path = Gacha;
			sourceTree = "<group>";
		};
		FB2EA66625C29D6B00724461 /* GachaResources */ = {
			isa = PBXGroup;
			children = (
				FB2EA66725C29D6B00724461 /* background */,
				FB2EA66C25C29D6B00724461 /* monster */,
			);
			path = GachaResources;
			sourceTree = "<group>";
		};
		FB2EA66725C29D6B00724461 /* background */ = {
			isa = PBXGroup;
			children = (
				FB2EA66825C29D6B00724461 /* bg_blue@2x.png */,
				FB2EA66925C29D6B00724461 /* bg_gold@2x.png */,
				FB2EA66A25C29D6B00724461 /* gacha@2x.png */,
				FB2EA66B25C29D6B00724461 /* bg_red@2x.png */,
			);
			path = background;
			sourceTree = "<group>";
		};
		FB2EA66C25C29D6B00724461 /* monster */ = {
			isa = PBXGroup;
			children = (
				FB2EA66D25C29D6B00724461 /* monster005.png */,
				FB2EA66E25C29D6B00724461 /* monster010.png */,
				FB2EA66F25C29D6B00724461 /* monster004.png */,
				FB2EA67025C29D6B00724461 /* monster006.png */,
				FB2EA67125C29D6B00724461 /* monster007.png */,
				FB2EA67225C29D6B00724461 /* monster003.png */,
				FB2EA67325C29D6B00724461 /* monster002.png */,
				FB2EA67425C29D6B00724461 /* monster001.png */,
				FB2EA67525C29D6B00724461 /* monster009.png */,
				FB2EA67625C29D6B00724461 /* monster008.png */,
			);
			path = monster;
			sourceTree = "<group>";
		};
/* End PBXGroup section */

/* Begin PBXNativeTarget section */
		FB2EA64D25C29C6200724461 /* Gacha */ = {
			isa = PBXNativeTarget;
			buildConfigurationList = FB2EA66225C29C6400724461 /* Build configuration list for PBXNativeTarget "Gacha" */;
			buildPhases = (
				FB2EA64A25C29C6200724461 /* Sources */,
				FB2EA64B25C29C6200724461 /* Frameworks */,
				FB2EA64C25C29C6200724461 /* Resources */,
			);
			buildRules = (
			);
			dependencies = (
			);
			name = Gacha;
			productName = Gacha;
			productReference = FB2EA64E25C29C6200724461 /* Gacha.app */;
			productType = "com.apple.product-type.application";
		};
/* End PBXNativeTarget section */

/* Begin PBXProject section */
		FB2EA64625C29C6200724461 /* Project object */ = {
			isa = PBXProject;
			attributes = {
				LastSwiftUpdateCheck = 1240;
				LastUpgradeCheck = 1240;
				TargetAttributes = {
					FB2EA64D25C29C6200724461 = {
						CreatedOnToolsVersion = 12.4;
					};
				};
			};
			buildConfigurationList = FB2EA64925C29C6200724461 /* Build configuration list for PBXProject "Gacha" */;
			compatibilityVersion = "Xcode 9.3";
			developmentRegion = en;
			hasScannedForEncodings = 0;
			knownRegions = (
				en,
				Base,
			);
			mainGroup = FB2EA64525C29C6200724461;
			productRefGroup = FB2EA64F25C29C6200724461 /* Products */;
			projectDirPath = "";
			projectRoot = "";
			targets = (
				FB2EA64D25C29C6200724461 /* Gacha */,
			);
		};
/* End PBXProject section */

/* Begin PBXResourcesBuildPhase section */
		FB2EA64C25C29C6200724461 /* Resources */ = {
			isa = PBXResourcesBuildPhase;
			buildActionMask = 2147483647;
			files = (
				FB2EA67A25C29D6B00724461 /* bg_red@2x.png in Resources */,
				FB2EA65E25C29C6400724461 /* LaunchScreen.storyboard in Resources */,
				FB2EA68325C29D6B00724461 /* monster009.png in Resources */,
				FB2EA67825C29D6B00724461 /* bg_gold@2x.png in Resources */,
				FB2EA68025C29D6B00724461 /* monster003.png in Resources */,
				FB2EA68225C29D6B00724461 /* monster001.png in Resources */,
				FB2EA68425C29D6B00724461 /* monster008.png in Resources */,
				FB2EA65B25C29C6400724461 /* Assets.xcassets in Resources */,
				FB2EA67F25C29D6B00724461 /* monster007.png in Resources */,
				FB2EA67925C29D6B00724461 /* gacha@2x.png in Resources */,
				FB2EA68125C29D6B00724461 /* monster002.png in Resources */,
				FB2EA65925C29C6200724461 /* Main.storyboard in Resources */,
				FB2EA67C25C29D6B00724461 /* monster010.png in Resources */,
				FB2EA67E25C29D6B00724461 /* monster006.png in Resources */,
				FB2EA67B25C29D6B00724461 /* monster005.png in Resources */,
				FB2EA67725C29D6B00724461 /* bg_blue@2x.png in Resources */,
				FB2EA67D25C29D6B00724461 /* monster004.png in Resources */,
			);
			runOnlyForDeploymentPostprocessing = 0;
		};
/* End PBXResourcesBuildPhase section */

/* Begin PBXSourcesBuildPhase section */
		FB2EA64A25C29C6200724461 /* Sources */ = {
			isa = PBXSourcesBuildPhase;
			buildActionMask = 2147483647;
			files = (
				FB2EA65625C29C6200724461 /* ViewController.swift in Sources */,
				FB2EA65225C29C6200724461 /* AppDelegate.swift in Sources */,
				FB2EA65425C29C6200724461 /* SceneDelegate.swift in Sources */,
				FB2EA68725C2A01E00724461 /* ResultViewController.swift in Sources */,
			);
			runOnlyForDeploymentPostprocessing = 0;
		};
/* End PBXSourcesBuildPhase section */

/* Begin PBXVariantGroup section */
		FB2EA65725C29C6200724461 /* Main.storyboard */ = {
			isa = PBXVariantGroup;
			children = (
				FB2EA65825C29C6200724461 /* Base */,
			);
			name = Main.storyboard;
			sourceTree = "<group>";
		};
		FB2EA65C25C29C6400724461 /* LaunchScreen.storyboard */ = {
			isa = PBXVariantGroup;
			children = (
				FB2EA65D25C29C6400724461 /* Base */,
			);
			name = LaunchScreen.storyboard;
			sourceTree = "<group>";
		};
/* End PBXVariantGroup section */

/* Begin XCBuildConfiguration section */
		FB2EA66025C29C6400724461 /* Debug */ = {
			isa = XCBuildConfiguration;
			buildSettings = {
				ALWAYS_SEARCH_USER_PATHS = NO;
				CLANG_ANALYZER_NONNULL = YES;
				CLANG_ANALYZER_NUMBER_OBJECT_CONVERSION = YES_AGGRESSIVE;
				CLANG_CXX_LANGUAGE_STANDARD = "gnu++14";
				CLANG_CXX_LIBRARY = "libc++";
				CLANG_ENABLE_MODULES = YES;
				CLANG_ENABLE_OBJC_ARC = YES;
				CLANG_ENABLE_OBJC_WEAK = YES;
				CLANG_WARN_BLOCK_CAPTURE_AUTORELEASING = YES;
				CLANG_WARN_BOOL_CONVERSION = YES;
				CLANG_WARN_COMMA = YES;
				CLANG_WARN_CONSTANT_CONVERSION = YES;
				CLANG_WARN_DEPRECATED_OBJC_IMPLEMENTATIONS = YES;
				CLANG_WARN_DIRECT_OBJC_ISA_USAGE = YES_ERROR;
				CLANG_WARN_DOCUMENTATION_COMMENTS = YES;
				CLANG_WARN_EMPTY_BODY = YES;
				CLANG_WARN_ENUM_CONVERSION = YES;
				CLANG_WARN_INFINITE_RECURSION = YES;
				CLANG_WARN_INT_CONVERSION = YES;
				CLANG_WARN_NON_LITERAL_NULL_CONVERSION = YES;
				CLANG_WARN_OBJC_IMPLICIT_RETAIN_SELF = YES;
				CLANG_WARN_OBJC_LITERAL_CONVERSION = YES;
				CLANG_WARN_OBJC_ROOT_CLASS = YES_ERROR;
				CLANG_WARN_QUOTED_INCLUDE_IN_FRAMEWORK_HEADER = YES;
				CLANG_WARN_RANGE_LOOP_ANALYSIS = YES;
				CLANG_WARN_STRICT_PROTOTYPES = YES;
				CLANG_WARN_SUSPICIOUS_MOVE = YES;
				CLANG_WARN_UNGUARDED_AVAILABILITY = YES_AGGRESSIVE;
				CLANG_WARN_UNREACHABLE_CODE = YES;
				CLANG_WARN__DUPLICATE_METHOD_MATCH = YES;
				COPY_PHASE_STRIP = NO;
				DEBUG_INFORMATION_FORMAT = dwarf;
				ENABLE_STRICT_OBJC_MSGSEND = YES;
				ENABLE_TESTABILITY = YES;
				GCC_C_LANGUAGE_STANDARD = gnu11;
				GCC_DYNAMIC_NO_PIC = NO;
				GCC_NO_COMMON_BLOCKS = YES;
				GCC_OPTIMIZATION_LEVEL = 0;
				GCC_PREPROCESSOR_DEFINITIONS = (
					"DEBUG=1",
					"$(inherited)",
				);
				GCC_WARN_64_TO_32_BIT_CONVERSION = YES;
				GCC_WARN_ABOUT_RETURN_TYPE = YES_ERROR;
				GCC_WARN_UNDECLARED_SELECTOR = YES;
				GCC_WARN_UNINITIALIZED_AUTOS = YES_AGGRESSIVE;
				GCC_WARN_UNUSED_FUNCTION = YES;
				GCC_WARN_UNUSED_VARIABLE = YES;
				IPHONEOS_DEPLOYMENT_TARGET = 14.4;
				MTL_ENABLE_DEBUG_INFO = INCLUDE_SOURCE;
				MTL_FAST_MATH = YES;
				ONLY_ACTIVE_ARCH = YES;
				SDKROOT = iphoneos;
				SWIFT_ACTIVE_COMPILATION_CONDITIONS = DEBUG;
				SWIFT_OPTIMIZATION_LEVEL = "-Onone";
			};
			name = Debug;
		};
		FB2EA66125C29C6400724461 /* Release */ = {
			isa = XCBuildConfiguration;
			buildSettings = {
				ALWAYS_SEARCH_USER_PATHS = NO;
				CLANG_ANALYZER_NONNULL = YES;
				CLANG_ANALYZER_NUMBER_OBJECT_CONVERSION = YES_AGGRESSIVE;
				CLANG_CXX_LANGUAGE_STANDARD = "gnu++14";
				CLANG_CXX_LIBRARY = "libc++";
				CLANG_ENABLE_MODULES = YES;
				CLANG_ENABLE_OBJC_ARC = YES;
				CLANG_ENABLE_OBJC_WEAK = YES;
				CLANG_WARN_BLOCK_CAPTURE_AUTORELEASING = YES;
				CLANG_WARN_BOOL_CONVERSION = YES;
				CLANG_WARN_COMMA = YES;
				CLANG_WARN_CONSTANT_CONVERSION = YES;
				CLANG_WARN_DEPRECATED_OBJC_IMPLEMENTATIONS = YES;
				CLANG_WARN_DIRECT_OBJC_ISA_USAGE = YES_ERROR;
				CLANG_WARN_DOCUMENTATION_COMMENTS = YES;
				CLANG_WARN_EMPTY_BODY = YES;
				CLANG_WARN_ENUM_CONVERSION = YES;
				CLANG_WARN_INFINITE_RECURSION = YES;
				CLANG_WARN_INT_CONVERSION = YES;
				CLANG_WARN_NON_LITERAL_NULL_CONVERSION = YES;
				CLANG_WARN_OBJC_IMPLICIT_RETAIN_SELF = YES;
				CLANG_WARN_OBJC_LITERAL_CONVERSION = YES;
				CLANG_WARN_OBJC_ROOT_CLASS = YES_ERROR;
				CLANG_WARN_QUOTED_INCLUDE_IN_FRAMEWORK_HEADER = YES;
				CLANG_WARN_RANGE_LOOP_ANALYSIS = YES;
				CLANG_WARN_STRICT_PROTOTYPES = YES;
				CLANG_WARN_SUSPICIOUS_MOVE = YES;
				CLANG_WARN_UNGUARDED_AVAILABILITY = YES_AGGRESSIVE;
				CLANG_WARN_UNREACHABLE_CODE = YES;
				CLANG_WARN__DUPLICATE_METHOD_MATCH = YES;
				COPY_PHASE_STRIP = NO;
				DEBUG_INFORMATION_FORMAT = "dwarf-with-dsym";
				ENABLE_NS_ASSERTIONS = NO;
				ENABLE_STRICT_OBJC_MSGSEND = YES;
				GCC_C_LANGUAGE_STANDARD = gnu11;
				GCC_NO_COMMON_BLOCKS = YES;
				GCC_WARN_64_TO_32_BIT_CONVERSION = YES;
				GCC_WARN_ABOUT_RETURN_TYPE = YES_ERROR;
				GCC_WARN_UNDECLARED_SELECTOR = YES;
				GCC_WARN_UNINITIALIZED_AUTOS = YES_AGGRESSIVE;
				GCC_WARN_UNUSED_FUNCTION = YES;
				GCC_WARN_UNUSED_VARIABLE = YES;
				IPHONEOS_DEPLOYMENT_TARGET = 14.4;
				MTL_ENABLE_DEBUG_INFO = NO;
				MTL_FAST_MATH = YES;
				SDKROOT = iphoneos;
				SWIFT_COMPILATION_MODE = wholemodule;
				SWIFT_OPTIMIZATION_LEVEL = "-O";
				VALIDATE_PRODUCT = YES;
			};
			name = Release;
		};
		FB2EA66325C29C6400724461 /* Debug */ = {
			isa = XCBuildConfiguration;
			buildSettings = {
				ASSETCATALOG_COMPILER_APPICON_NAME = AppIcon;
				ASSETCATALOG_COMPILER_GLOBAL_ACCENT_COLOR_NAME = AccentColor;
				CODE_SIGN_STYLE = Automatic;
				INFOPLIST_FILE = Gacha/Info.plist;
				LD_RUNPATH_SEARCH_PATHS = (
					"$(inherited)",
					"@executable_path/Frameworks",
				);
				PRODUCT_BUNDLE_IDENTIFIER = app.ito.ayu.Gacha;
				PRODUCT_NAME = "$(TARGET_NAME)";
				SWIFT_VERSION = 5.0;
				TARGETED_DEVICE_FAMILY = "1,2";
			};
			name = Debug;
		};
		FB2EA66425C29C6400724461 /* Release */ = {
			isa = XCBuildConfiguration;
			buildSettings = {
				ASSETCATALOG_COMPILER_APPICON_NAME = AppIcon;
				ASSETCATALOG_COMPILER_GLOBAL_ACCENT_COLOR_NAME = AccentColor;
				CODE_SIGN_STYLE = Automatic;
				INFOPLIST_FILE = Gacha/Info.plist;
				LD_RUNPATH_SEARCH_PATHS = (
					"$(inherited)",
					"@executable_path/Frameworks",
				);
				PRODUCT_BUNDLE_IDENTIFIER = app.ito.ayu.Gacha;
				PRODUCT_NAME = "$(TARGET_NAME)";
				SWIFT_VERSION = 5.0;
				TARGETED_DEVICE_FAMILY = "1,2";
			};
			name = Release;
		};
/* End XCBuildConfiguration section */

/* Begin XCConfigurationList section */
		FB2EA64925C29C6200724461 /* Build configuration list for PBXProject "Gacha" */ = {
			isa = XCConfigurationList;
			buildConfigurations = (
				FB2EA66025C29C6400724461 /* Debug */,
				FB2EA66125C29C6400724461 /* Release */,
			);
			defaultConfigurationIsVisible = 0;
			defaultConfigurationName = Release;
		};
		FB2EA66225C29C6400724461 /* Build configuration list for PBXNativeTarget "Gacha" */ = {
			isa = XCConfigurationList;
			buildConfigurations = (
				FB2EA66325C29C6400724461 /* Debug */,
				FB2EA66425C29C6400724461 /* Release */,
			);
			defaultConfigurationIsVisible = 0;
			defaultConfigurationName = Release;
		};
/* End XCConfigurationList section */
	};
	rootObject = FB2EA64625C29C6200724461 /* Project object */;
}
